main:
- KEYCRATE:-414:65:640:Vote
- KEYCRATE:-419:65:645:Rare
- KEYCRATE:-419:65:645:Rank
world:
- KEYCRATE:385:73:-659:Vote
- KEYCRATE:382:73:-656:Rank
- KEYCRATE:364:73:-656:Vote
- KEYCRATE:361:73:-659:Rank
- KEYCRATE:361:73:-677:Vote
- KEYCRATE:364:73:-680:Rank
- KEYCRATE:382:73:-680:Vote
- KEYCRATE:385:73:-677:Rank
